// !$*UTF8*$!
{
	archiveVersion = 1;
	classes = {
	};
	objectVersion = 50;
	objects = {

/* Begin PBXBuildFile section */
		6D29D1B82207F4480012B9D8 /* MemeListCell.swift in Sources */ = {isa = PBXBuildFile; fileRef = 6D29D1B72207F4480012B9D8 /* MemeListCell.swift */; };
		6D5FBCB82203D57D00327F3E /* Impact.ttf in Resources */ = {isa = PBXBuildFile; fileRef = 6D5FBCB72203D57C00327F3E /* Impact.ttf */; };
		6D76CDFE21F5635B00ABDB35 /* AppDelegate.swift in Sources */ = {isa = PBXBuildFile; fileRef = 6D76CDFD21F5635B00ABDB35 /* AppDelegate.swift */; };
		6D76CE0521F5635B00ABDB35 /* Main.storyboard in Resources */ = {isa = PBXBuildFile; fileRef = 6D76CE0321F5635B00ABDB35 /* Main.storyboard */; };
		6D76CE0721F5635F00ABDB35 /* Assets.xcassets in Resources */ = {isa = PBXBuildFile; fileRef = 6D76CE0621F5635F00ABDB35 /* Assets.xcassets */; };
		6D76CE0A21F5635F00ABDB35 /* LaunchScreen.storyboard in Resources */ = {isa = PBXBuildFile; fileRef = 6D76CE0821F5635F00ABDB35 /* LaunchScreen.storyboard */; };
		6D76CE1421F5693400ABDB35 /* Meme.swift in Sources */ = {isa = PBXBuildFile; fileRef = 6D76CE1321F5693400ABDB35 /* Meme.swift */; };
		6D82ABFA21FBFF83009CD6EE /* MemeListViewController.swift in Sources */ = {isa = PBXBuildFile; fileRef = 6D82ABF721FBFF82009CD6EE /* MemeListViewController.swift */; };
		6D82ABFB21FBFF83009CD6EE /* MemeGridViewController.swift in Sources */ = {isa = PBXBuildFile; fileRef = 6D82ABF821FBFF82009CD6EE /* MemeGridViewController.swift */; };
		6D82ABFC21FBFF83009CD6EE /* MemeCreatorViewController.swift in Sources */ = {isa = PBXBuildFile; fileRef = 6D82ABF921FBFF83009CD6EE /* MemeCreatorViewController.swift */; };
		6D82ABFE21FBFFB1009CD6EE /* MemeViewController.swift in Sources */ = {isa = PBXBuildFile; fileRef = 6D82ABFD21FBFFB1009CD6EE /* MemeViewController.swift */; };
		6D82AC0021FC00B8009CD6EE /* MemeGridCell.swift in Sources */ = {isa = PBXBuildFile; fileRef = 6D82ABFF21FC00B8009CD6EE /* MemeGridCell.swift */; };
/* End PBXBuildFile section */

/* Begin PBXFileReference section */
		6D29D1B72207F4480012B9D8 /* MemeListCell.swift */ = {isa = PBXFileReference; lastKnownFileType = sourcecode.swift; path = MemeListCell.swift; sourceTree = "<group>"; };
		6D5FBCB72203D57C00327F3E /* Impact.ttf */ = {isa = PBXFileReference; lastKnownFileType = file; path = Impact.ttf; sourceTree = "<group>"; };
		6D76CDFA21F5635B00ABDB35 /* MemeMe 2.0.app */ = {isa = PBXFileReference; explicitFileType = wrapper.application; includeInIndex = 0; path = "MemeMe 2.0.app"; sourceTree = BUILT_PRODUCTS_DIR; };
		6D76CDFD21F5635B00ABDB35 /* AppDelegate.swift */ = {isa = PBXFileReference; lastKnownFileType = sourcecode.swift; path = AppDelegate.swift; sourceTree = "<group>"; };
		6D76CE0421F5635B00ABDB35 /* Base */ = {isa = PBXFileReference; lastKnownFileType = file.storyboard; name = Base; path = Base.lproj/Main.storyboard; sourceTree = "<group>"; };
		6D76CE0621F5635F00ABDB35 /* Assets.xcassets */ = {isa = PBXFileReference; lastKnownFileType = folder.assetcatalog; path = Assets.xcassets; sourceTree = "<group>"; };
		6D76CE0921F5635F00ABDB35 /* Base */ = {isa = PBXFileReference; lastKnownFileType = file.storyboard; name = Base; path = Base.lproj/LaunchScreen.storyboard; sourceTree = "<group>"; };
		6D76CE0B21F5635F00ABDB35 /* Info.plist */ = {isa = PBXFileReference; lastKnownFileType = text.plist.xml; path = Info.plist; sourceTree = "<group>"; };
		6D76CE1321F5693400ABDB35 /* Meme.swift */ = {isa = PBXFileReference; lastKnownFileType = sourcecode.swift; path = Meme.swift; sourceTree = "<group>"; };
		6D82ABF721FBFF82009CD6EE /* MemeListViewController.swift */ = {isa = PBXFileReference; fileEncoding = 4; lastKnownFileType = sourcecode.swift; path = MemeListViewController.swift; sourceTree = "<group>"; };
		6D82ABF821FBFF82009CD6EE /* MemeGridViewController.swift */ = {isa = PBXFileReference; fileEncoding = 4; lastKnownFileType = sourcecode.swift; path = MemeGridViewController.swift; sourceTree = "<group>"; };
		6D82ABF921FBFF83009CD6EE /* MemeCreatorViewController.swift */ = {isa = PBXFileReference; fileEncoding = 4; lastKnownFileType = sourcecode.swift; path = MemeCreatorViewController.swift; sourceTree = "<group>"; };
		6D82ABFD21FBFFB1009CD6EE /* MemeViewController.swift */ = {isa = PBXFileReference; fileEncoding = 4; lastKnownFileType = sourcecode.swift; path = MemeViewController.swift; sourceTree = "<group>"; };
		6D82ABFF21FC00B8009CD6EE /* MemeGridCell.swift */ = {isa = PBXFileReference; fileEncoding = 4; lastKnownFileType = sourcecode.swift; path = MemeGridCell.swift; sourceTree = "<group>"; };
/* End PBXFileReference section */

/* Begin PBXFrameworksBuildPhase section */
		6D76CDF721F5635A00ABDB35 /* Frameworks */ = {
			isa = PBXFrameworksBuildPhase;
			buildActionMask = 2147483647;
			files = (
			);
			runOnlyForDeploymentPostprocessing = 0;
		};
/* End PBXFrameworksBuildPhase section */

/* Begin PBXGroup section */
		6D76CDF121F5635A00ABDB35 = {
			isa = PBXGroup;
			children = (
				6D76CDFC21F5635B00ABDB35 /* MemeMe 2.0 */,
				6D76CDFB21F5635B00ABDB35 /* Products */,
			);
			sourceTree = "<group>";
		};
		6D76CDFB21F5635B00ABDB35 /* Products */ = {
			isa = PBXGroup;
			children = (
				6D76CDFA21F5635B00ABDB35 /* MemeMe 2.0.app */,
			);
			name = Products;
			sourceTree = "<group>";
		};
		6D76CDFC21F5635B00ABDB35 /* MemeMe 2.0 */ = {
			isa = PBXGroup;
			children = (
				6D76CDFD21F5635B00ABDB35 /* AppDelegate.swift */,
				6D76CE1321F5693400ABDB35 /* Meme.swift */,
				6D82ABFD21FBFFB1009CD6EE /* MemeViewController.swift */,
				6D82ABF921FBFF83009CD6EE /* MemeCreatorViewController.swift */,
				6D5FBCB72203D57C00327F3E /* Impact.ttf */,
				6D82ABF821FBFF82009CD6EE /* MemeGridViewController.swift */,
				6D82ABFF21FC00B8009CD6EE /* MemeGridCell.swift */,
				6D29D1B72207F4480012B9D8 /* MemeListCell.swift */,
				6D82ABF721FBFF82009CD6EE /* MemeListViewController.swift */,
				6D76CE0321F5635B00ABDB35 /* Main.storyboard */,
				6D76CE0621F5635F00ABDB35 /* Assets.xcassets */,
				6D76CE0821F5635F00ABDB35 /* LaunchScreen.storyboard */,
				6D76CE0B21F5635F00ABDB35 /* Info.plist */,
			);
			path = "MemeMe 2.0";
			sourceTree = "<group>";
		};
/* End PBXGroup section */

/* Begin PBXNativeTarget section */
		6D76CDF921F5635A00ABDB35 /* MemeMe 2.0 */ = {
			isa = PBXNativeTarget;
			buildConfigurationList = 6D76CE0E21F5635F00ABDB35 /* Build configuration list for PBXNativeTarget "MemeMe 2.0" */;
			buildPhases = (
				6D76CDF621F5635A00ABDB35 /* Sources */,
				6D76CDF721F5635A00ABDB35 /* Frameworks */,
				6D76CDF821F5635A00ABDB35 /* Resources */,
			);
			buildRules = (
			);
			dependencies = (
			);
			name = "MemeMe 2.0";
			productName = "MemeMe 2.0";
			productReference = 6D76CDFA21F5635B00ABDB35 /* MemeMe 2.0.app */;
			productType = "com.apple.product-type.application";
		};
/* End PBXNativeTarget section */

/* Begin PBXProject section */
		6D76CDF221F5635A00ABDB35 /* Project object */ = {
			isa = PBXProject;
			attributes = {
				LastSwiftUpdateCheck = 1010;
				LastUpgradeCheck = 1010;
				ORGANIZATIONNAME = "Gustavo Dini";
				TargetAttributes = {
					6D76CDF921F5635A00ABDB35 = {
						CreatedOnToolsVersion = 10.1;
					};
				};
			};
			buildConfigurationList = 6D76CDF521F5635A00ABDB35 /* Build configuration list for PBXProject "MemeMe 2.0" */;
			compatibilityVersion = "Xcode 9.3";
			developmentRegion = en;
			hasScannedForEncodings = 0;
			knownRegions = (
				en,
				Base,
			);
			mainGroup = 6D76CDF121F5635A00ABDB35;
			productRefGroup = 6D76CDFB21F5635B00ABDB35 /* Products */;
			projectDirPath = "";
			projectRoot = "";
			targets = (
				6D76CDF921F5635A00ABDB35 /* MemeMe 2.0 */,
			);
		};
/* End PBXProject section */

/* Begin PBXResourcesBuildPhase section */
		6D76CDF821F5635A00ABDB35 /* Resources */ = {
			isa = PBXResourcesBuildPhase;
			buildActionMask = 2147483647;
			files = (
				6D5FBCB82203D57D00327F3E /* Impact.ttf in Resources */,
				6D76CE0A21F5635F00ABDB35 /* LaunchScreen.storyboard in Resources */,
				6D76CE0721F5635F00ABDB35 /* Assets.xcassets in Resources */,
				6D76CE0521F5635B00ABDB35 /* Main.storyboard in Resources */,
			);
			runOnlyForDeploymentPostprocessing = 0;
		};
/* End PBXResourcesBuildPhase section */

/* Begin PBXSourcesBuildPhase section */
		6D76CDF621F5635A00ABDB35 /* Sources */ = {
			isa = PBXSourcesBuildPhase;
			buildActionMask = 2147483647;
			files = (
				6D82ABFA21FBFF83009CD6EE /* MemeListViewController.swift in Sources */,
				6D76CE1421F5693400ABDB35 /* Meme.swift in Sources */,
				6D82AC0021FC00B8009CD6EE /* MemeGridCell.swift in Sources */,
				6D76CDFE21F5635B00ABDB35 /* AppDelegate.swift in Sources */,
				6D82ABFB21FBFF83009CD6EE /* MemeGridViewController.swift in Sources */,
				6D29D1B82207F4480012B9D8 /* MemeListCell.swift in Sources */,
				6D82ABFE21FBFFB1009CD6EE /* MemeViewController.swift in Sources */,
				6D82ABFC21FBFF83009CD6EE /* MemeCreatorViewController.swift in Sources */,
			);
			runOnlyForDeploymentPostprocessing = 0;
		};
/* End PBXSourcesBuildPhase section */

/* Begin PBXVariantGroup section */
		6D76CE0321F5635B00ABDB35 /* Main.storyboard */ = {
			isa = PBXVariantGroup;
			children = (
				6D76CE0421F5635B00ABDB35 /* Base */,
			);
			name = Main.storyboard;
			sourceTree = "<group>";
		};
		6D76CE0821F5635F00ABDB35 /* LaunchScreen.storyboard */ = {
			isa = PBXVariantGroup;
			children = (
				6D76CE0921F5635F00ABDB35 /* Base */,
			);
			name = LaunchScreen.storyboard;
			sourceTree = "<group>";
		};
/* End PBXVariantGroup section */

/* Begin XCBuildConfiguration section */
		6D76CE0C21F5635F00ABDB35 /* Debug */ = {
			isa = XCBuildConfiguration;
			buildSettings = {
				ALWAYS_SEARCH_USER_PATHS = NO;
				CLANG_ANALYZER_NONNULL = YES;
				CLANG_ANALYZER_NUMBER_OBJECT_CONVERSION = YES_AGGRESSIVE;
				CLANG_CXX_LANGUAGE_STANDARD = "gnu++14";
				CLANG_CXX_LIBRARY = "libc++";
				CLANG_ENABLE_MODULES = YES;
				CLANG_ENABLE_OBJC_ARC = YES;
				CLANG_ENABLE_OBJC_WEAK = YES;
				CLANG_WARN_BLOCK_CAPTURE_AUTORELEASING = YES;
				CLANG_WARN_BOOL_CONVERSION = YES;
				CLANG_WARN_COMMA = YES;
				CLANG_WARN_CONSTANT_CONVERSION = YES;
				CLANG_WARN_DEPRECATED_OBJC_IMPLEMENTATIONS = YES;
				CLANG_WARN_DIRECT_OBJC_ISA_USAGE = YES_ERROR;
				CLANG_WARN_DOCUMENTATION_COMMENTS = YES;
				CLANG_WARN_EMPTY_BODY = YES;
				CLANG_WARN_ENUM_CONVERSION = YES;
				CLANG_WARN_INFINITE_RECURSION = YES;
				CLANG_WARN_INT_CONVERSION = YES;
				CLANG_WARN_NON_LITERAL_NULL_CONVERSION = YES;
				CLANG_WARN_OBJC_IMPLICIT_RETAIN_SELF = YES;
				CLANG_WARN_OBJC_LITERAL_CONVERSION = YES;
				CLANG_WARN_OBJC_ROOT_CLASS = YES_ERROR;
				CLANG_WARN_RANGE_LOOP_ANALYSIS = YES;
				CLANG_WARN_STRICT_PROTOTYPES = YES;
				CLANG_WARN_SUSPICIOUS_MOVE = YES;
				CLANG_WARN_UNGUARDED_AVAILABILITY = YES_AGGRESSIVE;
				CLANG_WARN_UNREACHABLE_CODE = YES;
				CLANG_WARN__DUPLICATE_METHOD_MATCH = YES;
				CODE_SIGN_IDENTITY = "iPhone Developer";
				COPY_PHASE_STRIP = NO;
				DEBUG_INFORMATION_FORMAT = dwarf;
				ENABLE_STRICT_OBJC_MSGSEND = YES;
				ENABLE_TESTABILITY = YES;
				GCC_C_LANGUAGE_STANDARD = gnu11;
				GCC_DYNAMIC_NO_PIC = NO;
				GCC_NO_COMMON_BLOCKS = YES;
				GCC_OPTIMIZATION_LEVEL = 0;
				GCC_PREPROCESSOR_DEFINITIONS = (
					"DEBUG=1",
					"$(inherited)",
				);
				GCC_WARN_64_TO_32_BIT_CONVERSION = YES;
				GCC_WARN_ABOUT_RETURN_TYPE = YES_ERROR;
				GCC_WARN_UNDECLARED_SELECTOR = YES;
				GCC_WARN_UNINITIALIZED_AUTOS = YES_AGGRESSIVE;
				GCC_WARN_UNUSED_FUNCTION = YES;
				GCC_WARN_UNUSED_VARIABLE = YES;
				IPHONEOS_DEPLOYMENT_TARGET = 12.1;
				MTL_ENABLE_DEBUG_INFO = INCLUDE_SOURCE;
				MTL_FAST_MATH = YES;
				ONLY_ACTIVE_ARCH = YES;
				SDKROOT = iphoneos;
				SWIFT_ACTIVE_COMPILATION_CONDITIONS = DEBUG;
				SWIFT_OPTIMIZATION_LEVEL = "-Onone";
			};
			name = Debug;
		};
		6D76CE0D21F5635F00ABDB35 /* Release */ = {
			isa = XCBuildConfiguration;
			buildSettings = {
				ALWAYS_SEARCH_USER_PATHS = NO;
				CLANG_ANALYZER_NONNULL = YES;
				CLANG_ANALYZER_NUMBER_OBJECT_CONVERSION = YES_AGGRESSIVE;
				CLANG_CXX_LANGUAGE_STANDARD = "gnu++14";
				CLANG_CXX_LIBRARY = "libc++";
				CLANG_ENABLE_MODULES = YES;
				CLANG_ENABLE_OBJC_ARC = YES;
				CLANG_ENABLE_OBJC_WEAK = YES;
				CLANG_WARN_BLOCK_CAPTURE_AUTORELEASING = YES;
				CLANG_WARN_BOOL_CONVERSION = YES;
				CLANG_WARN_COMMA = YES;
				CLANG_WARN_CONSTANT_CONVERSION = YES;
				CLANG_WARN_DEPRECATED_OBJC_IMPLEMENTATIONS = YES;
				CLANG_WARN_DIRECT_OBJC_ISA_USAGE = YES_ERROR;
				CLANG_WARN_DOCUMENTATION_COMMENTS = YES;
				CLANG_WARN_EMPTY_BODY = YES;
				CLANG_WARN_ENUM_CONVERSION = YES;
				CLANG_WARN_INFINITE_RECURSION = YES;
				CLANG_WARN_INT_CONVERSION = YES;
				CLANG_WARN_NON_LITERAL_NULL_CONVERSION = YES;
				CLANG_WARN_OBJC_IMPLICIT_RETAIN_SELF = YES;
				CLANG_WARN_OBJC_LITERAL_CONVERSION = YES;
				CLANG_WARN_OBJC_ROOT_CLASS = YES_ERROR;
				CLANG_WARN_RANGE_LOOP_ANALYSIS = YES;
				CLANG_WARN_STRICT_PROTOTYPES = YES;
				CLANG_WARN_SUSPICIOUS_MOVE = YES;
				CLANG_WARN_UNGUARDED_AVAILABILITY = YES_AGGRESSIVE;
				CLANG_WARN_UNREACHABLE_CODE = YES;
				CLANG_WARN__DUPLICATE_METHOD_MATCH = YES;
				CODE_SIGN_IDENTITY = "iPhone Developer";
				COPY_PHASE_STRIP = NO;
				DEBUG_INFORMATION_FORMAT = "dwarf-with-dsym";
				ENABLE_NS_ASSERTIONS = NO;
				ENABLE_STRICT_OBJC_MSGSEND = YES;
				GCC_C_LANGUAGE_STANDARD = gnu11;
				GCC_NO_COMMON_BLOCKS = YES;
				GCC_WARN_64_TO_32_BIT_CONVERSION = YES;
				GCC_WARN_ABOUT_RETURN_TYPE = YES_ERROR;
				GCC_WARN_UNDECLARED_SELECTOR = YES;
				GCC_WARN_UNINITIALIZED_AUTOS = YES_AGGRESSIVE;
				GCC_WARN_UNUSED_FUNCTION = YES;
				GCC_WARN_UNUSED_VARIABLE = YES;
				IPHONEOS_DEPLOYMENT_TARGET = 12.1;
				MTL_ENABLE_DEBUG_INFO = NO;
				MTL_FAST_MATH = YES;
				SDKROOT = iphoneos;
				SWIFT_COMPILATION_MODE = wholemodule;
				SWIFT_OPTIMIZATION_LEVEL = "-O";
				VALIDATE_PRODUCT = YES;
			};
			name = Release;
		};
		6D76CE0F21F5635F00ABDB35 /* Debug */ = {
			isa = XCBuildConfiguration;
			buildSettings = {
				ASSETCATALOG_COMPILER_APPICON_NAME = AppIcon;
				CODE_SIGN_STYLE = Automatic;
				DEVELOPMENT_TEAM = TYL9KP84XJ;
				INFOPLIST_FILE = "MemeMe 2.0/Info.plist";
				LD_RUNPATH_SEARCH_PATHS = (
					"$(inherited)",
					"@executable_path/Frameworks",
				);
				PRODUCT_BUNDLE_IDENTIFIER = "GTD.MemeMe-2-0";
				PRODUCT_NAME = "$(TARGET_NAME)";
				SWIFT_VERSION = 4.2;
				TARGETED_DEVICE_FAMILY = "1,2";
			};
			name = Debug;
		};
		6D76CE1021F5635F00ABDB35 /* Release */ = {
			isa = XCBuildConfiguration;
			buildSettings = {
				ASSETCATALOG_COMPILER_APPICON_NAME = AppIcon;
				CODE_SIGN_STYLE = Automatic;
				DEVELOPMENT_TEAM = TYL9KP84XJ;
				INFOPLIST_FILE = "MemeMe 2.0/Info.plist";
				LD_RUNPATH_SEARCH_PATHS = (
					"$(inherited)",
					"@executable_path/Frameworks",
				);
				PRODUCT_BUNDLE_IDENTIFIER = "GTD.MemeMe-2-0";
				PRODUCT_NAME = "$(TARGET_NAME)";
				SWIFT_VERSION = 4.2;
				TARGETED_DEVICE_FAMILY = "1,2";
			};
			name = Release;
		};
/* End XCBuildConfiguration section */

/* Begin XCConfigurationList section */
		6D76CDF521F5635A00ABDB35 /* Build configuration list for PBXProject "MemeMe 2.0" */ = {
			isa = XCConfigurationList;
			buildConfigurations = (
				6D76CE0C21F5635F00ABDB35 /* Debug */,
				6D76CE0D21F5635F00ABDB35 /* Release */,
			);
			defaultConfigurationIsVisible = 0;
			defaultConfigurationName = Release;
		};
		6D76CE0E21F5635F00ABDB35 /* Build configuration list for PBXNativeTarget "MemeMe 2.0" */ = {
			isa = XCConfigurationList;
			buildConfigurations = (
				6D76CE0F21F5635F00ABDB35 /* Debug */,
				6D76CE1021F5635F00ABDB35 /* Release */,
			);
			defaultConfigurationIsVisible = 0;
			defaultConfigurationName = Release;
		};
/* End XCConfigurationList section */
	};
	rootObject = 6D76CDF221F5635A00ABDB35 /* Project object */;
}
